
Microsoft Visual Studio Solution File, Format Version 12.00
# Visual Studio Version 16
VisualStudioVersion = 16.0.31321.278
MinimumVisualStudioVersion = 10.0.40219.1
Project("{FAE04EC0-301F-11D3-BF4B-00C04F79EFBC}") = "WebApplication", "WebApplication\WebApplication.csproj", "{5AEA855E-7D3C-4F14-830E-690F6707EEDB}"
EndProject
Global
	GlobalSection(SolutionConfigurationPlatforms) = preSolution
		Debug|Any CPU = Debug|Any CPU
		Release|Any CPU = Release|Any CPU
	EndGlobalSection
	GlobalSection(ProjectConfigurationPlatforms) = postSolution
		{5AEA855E-7D3C-4F14-830E-690F6707EEDB}.Debug|Any CPU.ActiveCfg = Debug|Any CPU
		{5AEA855E-7D3C-4F14-830E-690F6707EEDB}.Debug|Any CPU.Build.0 = Debug|Any CPU
		{5AEA855E-7D3C-4F14-830E-690F6707EEDB}.Release|Any CPU.ActiveCfg = Release|Any CPU
		{5AEA855E-7D3C-4F14-830E-690F6707EEDB}.Release|Any CPU.Build.0 = Release|Any CPU
	EndGlobalSection
	GlobalSection(SolutionProperties) = preSolution
		HideSolutionNode = FALSE
	EndGlobalSection
	GlobalSection(ExtensibilityGlobals) = postSolution
		SolutionGuid = {B3F745B4-5ED4-47C3-BEE9-674B9ECB6531}
	EndGlobalSection
EndGlobal
